// !$*UTF8*$!
{
	archiveVersion = 1;
	classes = {
	};
	objectVersion = 77;
	objects = {

/* Begin PBXContainerItemProxy section */
		B058C8032D8F9A2500B7F3BB /* PBXContainerItemProxy */ = {
			isa = PBXContainerItemProxy;
			containerPortal = B058C7EA2D8F9A2100B7F3BB /* Project object */;
			proxyType = 1;
			remoteGlobalIDString = B058C7F12D8F9A2100B7F3BB;
			remoteInfo = "war card game";
		};
		B058C80D2D8F9A2500B7F3BB /* PBXContainerItemProxy */ = {
			isa = PBXContainerItemProxy;
			containerPortal = B058C7EA2D8F9A2100B7F3BB /* Project object */;
			proxyType = 1;
			remoteGlobalIDString = B058C7F12D8F9A2100B7F3BB;
			remoteInfo = "war card game";
		};
/* End PBXContainerItemProxy section */

/* Begin PBXFileReference section */
		B058C7F22D8F9A2100B7F3BB /* war card game.app */ = {isa = PBXFileReference; explicitFileType = wrapper.application; includeInIndex = 0; path = "war card game.app"; sourceTree = BUILT_PRODUCTS_DIR; };
		B058C8022D8F9A2500B7F3BB /* war card gameTests.xctest */ = {isa = PBXFileReference; explicitFileType = wrapper.cfbundle; includeInIndex = 0; path = "war card gameTests.xctest"; sourceTree = BUILT_PRODUCTS_DIR; };
		B058C80C2D8F9A2500B7F3BB /* war card gameUITests.xctest */ = {isa = PBXFileReference; explicitFileType = wrapper.cfbundle; includeInIndex = 0; path = "war card gameUITests.xctest"; sourceTree = BUILT_PRODUCTS_DIR; };
/* End PBXFileReference section */

/* Begin PBXFileSystemSynchronizedRootGroup section */
		B058C7F42D8F9A2100B7F3BB /* war card game */ = {
			isa = PBXFileSystemSynchronizedRootGroup;
			path = "war card game";
			sourceTree = "<group>";
		};
		B058C8052D8F9A2500B7F3BB /* war card gameTests */ = {
			isa = PBXFileSystemSynchronizedRootGroup;
			path = "war card gameTests";
			sourceTree = "<group>";
		};
		B058C80F2D8F9A2500B7F3BB /* war card gameUITests */ = {
			isa = PBXFileSystemSynchronizedRootGroup;
			path = "war card gameUITests";
			sourceTree = "<group>";
		};
/* End PBXFileSystemSynchronizedRootGroup section */

/* Begin PBXFrameworksBuildPhase section */
		B058C7EF2D8F9A2100B7F3BB /* Frameworks */ = {
			isa = PBXFrameworksBuildPhase;
			buildActionMask = 2147483647;
			files = (
			);
			runOnlyForDeploymentPostprocessing = 0;
		};
		B058C7FF2D8F9A2500B7F3BB /* Frameworks */ = {
			isa = PBXFrameworksBuildPhase;
			buildActionMask = 2147483647;
			files = (
			);
			runOnlyForDeploymentPostprocessing = 0;
		};
		B058C8092D8F9A2500B7F3BB /* Frameworks */ = {
			isa = PBXFrameworksBuildPhase;
			buildActionMask = 2147483647;
			files = (
			);
			runOnlyForDeploymentPostprocessing = 0;
		};
/* End PBXFrameworksBuildPhase section */

/* Begin PBXGroup section */
		B058C7E92D8F9A2100B7F3BB = {
			isa = PBXGroup;
			children = (
				B058C7F42D8F9A2100B7F3BB /* war card game */,
				B058C8052D8F9A2500B7F3BB /* war card gameTests */,
				B058C80F2D8F9A2500B7F3BB /* war card gameUITests */,
				B058C7F32D8F9A2100B7F3BB /* Products */,
			);
			sourceTree = "<group>";
		};
		B058C7F32D8F9A2100B7F3BB /* Products */ = {
			isa = PBXGroup;
			children = (
				B058C7F22D8F9A2100B7F3BB /* war card game.app */,
				B058C8022D8F9A2500B7F3BB /* war card gameTests.xctest */,
				B058C80C2D8F9A2500B7F3BB /* war card gameUITests.xctest */,
			);
			name = Products;
			sourceTree = "<group>";
		};
/* End PBXGroup section */

/* Begin PBXNativeTarget section */
		B058C7F12D8F9A2100B7F3BB /* war card game */ = {
			isa = PBXNativeTarget;
			buildConfigurationList = B058C8162D8F9A2500B7F3BB /* Build configuration list for PBXNativeTarget "war card game" */;
			buildPhases = (
				B058C7EE2D8F9A2100B7F3BB /* Sources */,
				B058C7EF2D8F9A2100B7F3BB /* Frameworks */,
				B058C7F02D8F9A2100B7F3BB /* Resources */,
			);
			buildRules = (
			);
			dependencies = (
			);
			fileSystemSynchronizedGroups = (
				B058C7F42D8F9A2100B7F3BB /* war card game */,
			);
			name = "war card game";
			packageProductDependencies = (
			);
			productName = "war card game";
			productReference = B058C7F22D8F9A2100B7F3BB /* war card game.app */;
			productType = "com.apple.product-type.application";
		};
		B058C8012D8F9A2500B7F3BB /* war card gameTests */ = {
			isa = PBXNativeTarget;
			buildConfigurationList = B058C8192D8F9A2500B7F3BB /* Build configuration list for PBXNativeTarget "war card gameTests" */;
			buildPhases = (
				B058C7FE2D8F9A2500B7F3BB /* Sources */,
				B058C7FF2D8F9A2500B7F3BB /* Frameworks */,
				B058C8002D8F9A2500B7F3BB /* Resources */,
			);
			buildRules = (
			);
			dependencies = (
				B058C8042D8F9A2500B7F3BB /* PBXTargetDependency */,
			);
			fileSystemSynchronizedGroups = (
				B058C8052D8F9A2500B7F3BB /* war card gameTests */,
			);
			name = "war card gameTests";
			packageProductDependencies = (
			);
			productName = "war card gameTests";
			productReference = B058C8022D8F9A2500B7F3BB /* war card gameTests.xctest */;
			productType = "com.apple.product-type.bundle.unit-test";
		};
		B058C80B2D8F9A2500B7F3BB /* war card gameUITests */ = {
			isa = PBXNativeTarget;
			buildConfigurationList = B058C81C2D8F9A2500B7F3BB /* Build configuration list for PBXNativeTarget "war card gameUITests" */;
			buildPhases = (
				B058C8082D8F9A2500B7F3BB /* Sources */,
				B058C8092D8F9A2500B7F3BB /* Frameworks */,
				B058C80A2D8F9A2500B7F3BB /* Resources */,
			);
			buildRules = (
			);
			dependencies = (
				B058C80E2D8F9A2500B7F3BB /* PBXTargetDependency */,
			);
			fileSystemSynchronizedGroups = (
				B058C80F2D8F9A2500B7F3BB /* war card gameUITests */,
			);
			name = "war card gameUITests";
			packageProductDependencies = (
			);
			productName = "war card gameUITests";
			productReference = B058C80C2D8F9A2500B7F3BB /* war card gameUITests.xctest */;
			productType = "com.apple.product-type.bundle.ui-testing";
		};
/* End PBXNativeTarget section */

/* Begin PBXProject section */
		B058C7EA2D8F9A2100B7F3BB /* Project object */ = {
			isa = PBXProject;
			attributes = {
				BuildIndependentTargetsInParallel = 1;
				LastSwiftUpdateCheck = 1620;
				LastUpgradeCheck = 1620;
				TargetAttributes = {
					B058C7F12D8F9A2100B7F3BB = {
						CreatedOnToolsVersion = 16.2;
					};
					B058C8012D8F9A2500B7F3BB = {
						CreatedOnToolsVersion = 16.2;
						TestTargetID = B058C7F12D8F9A2100B7F3BB;
					};
					B058C80B2D8F9A2500B7F3BB = {
						CreatedOnToolsVersion = 16.2;
						TestTargetID = B058C7F12D8F9A2100B7F3BB;
					};
				};
			};
			buildConfigurationList = B058C7ED2D8F9A2100B7F3BB /* Build configuration list for PBXProject "war card game" */;
			developmentRegion = en;
			hasScannedForEncodings = 0;
			knownRegions = (
				en,
				Base,
			);
			mainGroup = B058C7E92D8F9A2100B7F3BB;
			minimizedProjectReferenceProxies = 1;
			preferredProjectObjectVersion = 77;
			productRefGroup = B058C7F32D8F9A2100B7F3BB /* Products */;
			projectDirPath = "";
			projectRoot = "";
			targets = (
				B058C7F12D8F9A2100B7F3BB /* war card game */,
				B058C8012D8F9A2500B7F3BB /* war card gameTests */,
				B058C80B2D8F9A2500B7F3BB /* war card gameUITests */,
			);
		};
/* End PBXProject section */

/* Begin PBXResourcesBuildPhase section */
		B058C7F02D8F9A2100B7F3BB /* Resources */ = {
			isa = PBXResourcesBuildPhase;
			buildActionMask = 2147483647;
			files = (
			);
			runOnlyForDeploymentPostprocessing = 0;
		};
		B058C8002D8F9A2500B7F3BB /* Resources */ = {
			isa = PBXResourcesBuildPhase;
			buildActionMask = 2147483647;
			files = (
			);
			runOnlyForDeploymentPostprocessing = 0;
		};
		B058C80A2D8F9A2500B7F3BB /* Resources */ = {
			isa = PBXResourcesBuildPhase;
			buildActionMask = 2147483647;
			files = (
			);
			runOnlyForDeploymentPostprocessing = 0;
		};
/* End PBXResourcesBuildPhase section */

/* Begin PBXSourcesBuildPhase section */
		B058C7EE2D8F9A2100B7F3BB /* Sources */ = {
			isa = PBXSourcesBuildPhase;
			buildActionMask = 2147483647;
			files = (
			);
			runOnlyForDeploymentPostprocessing = 0;
		};
		B058C7FE2D8F9A2500B7F3BB /* Sources */ = {
			isa = PBXSourcesBuildPhase;
			buildActionMask = 2147483647;
			files = (
			);
			runOnlyForDeploymentPostprocessing = 0;
		};
		B058C8082D8F9A2500B7F3BB /* Sources */ = {
			isa = PBXSourcesBuildPhase;
			buildActionMask = 2147483647;
			files = (
			);
			runOnlyForDeploymentPostprocessing = 0;
		};
/* End PBXSourcesBuildPhase section */

/* Begin PBXTargetDependency section */
		B058C8042D8F9A2500B7F3BB /* PBXTargetDependency */ = {
			isa = PBXTargetDependency;
			target = B058C7F12D8F9A2100B7F3BB /* war card game */;
			targetProxy = B058C8032D8F9A2500B7F3BB /* PBXContainerItemProxy */;
		};
		B058C80E2D8F9A2500B7F3BB /* PBXTargetDependency */ = {
			isa = PBXTargetDependency;
			target = B058C7F12D8F9A2100B7F3BB /* war card game */;
			targetProxy = B058C80D2D8F9A2500B7F3BB /* PBXContainerItemProxy */;
		};
/* End PBXTargetDependency section */

/* Begin XCBuildConfiguration section */
		B058C8142D8F9A2500B7F3BB /* Debug */ = {
			isa = XCBuildConfiguration;
			buildSettings = {
				ALWAYS_SEARCH_USER_PATHS = NO;
				ASSETCATALOG_COMPILER_GENERATE_SWIFT_ASSET_SYMBOL_EXTENSIONS = YES;
				CLANG_ANALYZER_NONNULL = YES;
				CLANG_ANALYZER_NUMBER_OBJECT_CONVERSION = YES_AGGRESSIVE;
				CLANG_CXX_LANGUAGE_STANDARD = "gnu++20";
				CLANG_ENABLE_MODULES = YES;
				CLANG_ENABLE_OBJC_ARC = YES;
				CLANG_ENABLE_OBJC_WEAK = YES;
				CLANG_WARN_BLOCK_CAPTURE_AUTORELEASING = YES;
				CLANG_WARN_BOOL_CONVERSION = YES;
				CLANG_WARN_COMMA = YES;
				CLANG_WARN_CONSTANT_CONVERSION = YES;
				CLANG_WARN_DEPRECATED_OBJC_IMPLEMENTATIONS = YES;
				CLANG_WARN_DIRECT_OBJC_ISA_USAGE = YES_ERROR;
				CLANG_WARN_DOCUMENTATION_COMMENTS = YES;
				CLANG_WARN_EMPTY_BODY = YES;
				CLANG_WARN_ENUM_CONVERSION = YES;
				CLANG_WARN_INFINITE_RECURSION = YES;
				CLANG_WARN_INT_CONVERSION = YES;
				CLANG_WARN_NON_LITERAL_NULL_CONVERSION = YES;
				CLANG_WARN_OBJC_IMPLICIT_RETAIN_SELF = YES;
				CLANG_WARN_OBJC_LITERAL_CONVERSION = YES;
				CLANG_WARN_OBJC_ROOT_CLASS = YES_ERROR;
				CLANG_WARN_QUOTED_INCLUDE_IN_FRAMEWORK_HEADER = YES;
				CLANG_WARN_RANGE_LOOP_ANALYSIS = YES;
				CLANG_WARN_STRICT_PROTOTYPES = YES;
				CLANG_WARN_SUSPICIOUS_MOVE = YES;
				CLANG_WARN_UNGUARDED_AVAILABILITY = YES_AGGRESSIVE;
				CLANG_WARN_UNREACHABLE_CODE = YES;
				CLANG_WARN__DUPLICATE_METHOD_MATCH = YES;
				COPY_PHASE_STRIP = NO;
				DEBUG_INFORMATION_FORMAT = dwarf;
				ENABLE_STRICT_OBJC_MSGSEND = YES;
				ENABLE_TESTABILITY = YES;
				ENABLE_USER_SCRIPT_SANDBOXING = YES;
				GCC_C_LANGUAGE_STANDARD = gnu17;
				GCC_DYNAMIC_NO_PIC = NO;
				GCC_NO_COMMON_BLOCKS = YES;
				GCC_OPTIMIZATION_LEVEL = 0;
				GCC_PREPROCESSOR_DEFINITIONS = (
					"DEBUG=1",
					"$(inherited)",
				);
				GCC_WARN_64_TO_32_BIT_CONVERSION = YES;
				GCC_WARN_ABOUT_RETURN_TYPE = YES_ERROR;
				GCC_WARN_UNDECLARED_SELECTOR = YES;
				GCC_WARN_UNINITIALIZED_AUTOS = YES_AGGRESSIVE;
				GCC_WARN_UNUSED_FUNCTION = YES;
				GCC_WARN_UNUSED_VARIABLE = YES;
				IPHONEOS_DEPLOYMENT_TARGET = 18.2;
				LOCALIZATION_PREFERS_STRING_CATALOGS = YES;
				MTL_ENABLE_DEBUG_INFO = INCLUDE_SOURCE;
				MTL_FAST_MATH = YES;
				ONLY_ACTIVE_ARCH = YES;
				SDKROOT = iphoneos;
				SWIFT_ACTIVE_COMPILATION_CONDITIONS = "DEBUG $(inherited)";
				SWIFT_OPTIMIZATION_LEVEL = "-Onone";
			};
			name = Debug;
		};
		B058C8152D8F9A2500B7F3BB /* Release */ = {
			isa = XCBuildConfiguration;
			buildSettings = {
				ALWAYS_SEARCH_USER_PATHS = NO;
				ASSETCATALOG_COMPILER_GENERATE_SWIFT_ASSET_SYMBOL_EXTENSIONS = YES;
				CLANG_ANALYZER_NONNULL = YES;
				CLANG_ANALYZER_NUMBER_OBJECT_CONVERSION = YES_AGGRESSIVE;
				CLANG_CXX_LANGUAGE_STANDARD = "gnu++20";
				CLANG_ENABLE_MODULES = YES;
				CLANG_ENABLE_OBJC_ARC = YES;
				CLANG_ENABLE_OBJC_WEAK = YES;
				CLANG_WARN_BLOCK_CAPTURE_AUTORELEASING = YES;
				CLANG_WARN_BOOL_CONVERSION = YES;
				CLANG_WARN_COMMA = YES;
				CLANG_WARN_CONSTANT_CONVERSION = YES;
				CLANG_WARN_DEPRECATED_OBJC_IMPLEMENTATIONS = YES;
				CLANG_WARN_DIRECT_OBJC_ISA_USAGE = YES_ERROR;
				CLANG_WARN_DOCUMENTATION_COMMENTS = YES;
				CLANG_WARN_EMPTY_BODY = YES;
				CLANG_WARN_ENUM_CONVERSION = YES;
				CLANG_WARN_INFINITE_RECURSION = YES;
				CLANG_WARN_INT_CONVERSION = YES;
				CLANG_WARN_NON_LITERAL_NULL_CONVERSION = YES;
				CLANG_WARN_OBJC_IMPLICIT_RETAIN_SELF = YES;
				CLANG_WARN_OBJC_LITERAL_CONVERSION = YES;
				CLANG_WARN_OBJC_ROOT_CLASS = YES_ERROR;
				CLANG_WARN_QUOTED_INCLUDE_IN_FRAMEWORK_HEADER = YES;
				CLANG_WARN_RANGE_LOOP_ANALYSIS = YES;
				CLANG_WARN_STRICT_PROTOTYPES = YES;
				CLANG_WARN_SUSPICIOUS_MOVE = YES;
				CLANG_WARN_UNGUARDED_AVAILABILITY = YES_AGGRESSIVE;
				CLANG_WARN_UNREACHABLE_CODE = YES;
				CLANG_WARN__DUPLICATE_METHOD_MATCH = YES;
				COPY_PHASE_STRIP = NO;
				DEBUG_INFORMATION_FORMAT = "dwarf-with-dsym";
				ENABLE_NS_ASSERTIONS = NO;
				ENABLE_STRICT_OBJC_MSGSEND = YES;
				ENABLE_USER_SCRIPT_SANDBOXING = YES;
				GCC_C_LANGUAGE_STANDARD = gnu17;
				GCC_NO_COMMON_BLOCKS = YES;
				GCC_WARN_64_TO_32_BIT_CONVERSION = YES;
				GCC_WARN_ABOUT_RETURN_TYPE = YES_ERROR;
				GCC_WARN_UNDECLARED_SELECTOR = YES;
				GCC_WARN_UNINITIALIZED_AUTOS = YES_AGGRESSIVE;
				GCC_WARN_UNUSED_FUNCTION = YES;
				GCC_WARN_UNUSED_VARIABLE = YES;
				IPHONEOS_DEPLOYMENT_TARGET = 18.2;
				LOCALIZATION_PREFERS_STRING_CATALOGS = YES;
				MTL_ENABLE_DEBUG_INFO = NO;
				MTL_FAST_MATH = YES;
				SDKROOT = iphoneos;
				SWIFT_COMPILATION_MODE = wholemodule;
				VALIDATE_PRODUCT = YES;
			};
			name = Release;
		};
		B058C8172D8F9A2500B7F3BB /* Debug */ = {
			isa = XCBuildConfiguration;
			buildSettings = {
				ASSETCATALOG_COMPILER_APPICON_NAME = AppIcon;
				ASSETCATALOG_COMPILER_GLOBAL_ACCENT_COLOR_NAME = AccentColor;
				CODE_SIGN_STYLE = Automatic;
				CURRENT_PROJECT_VERSION = 1;
				DEVELOPMENT_ASSET_PATHS = "\"war card game/Preview Content\"";
				ENABLE_PREVIEWS = YES;
				GENERATE_INFOPLIST_FILE = YES;
				INFOPLIST_KEY_UIApplicationSceneManifest_Generation = YES;
				INFOPLIST_KEY_UIApplicationSupportsIndirectInputEvents = YES;
				INFOPLIST_KEY_UILaunchScreen_Generation = YES;
				INFOPLIST_KEY_UISupportedInterfaceOrientations_iPad = "UIInterfaceOrientationPortrait UIInterfaceOrientationPortraitUpsideDown UIInterfaceOrientationLandscapeLeft UIInterfaceOrientationLandscapeRight";
				INFOPLIST_KEY_UISupportedInterfaceOrientations_iPhone = "UIInterfaceOrientationPortrait UIInterfaceOrientationLandscapeLeft UIInterfaceOrientationLandscapeRight";
				LD_RUNPATH_SEARCH_PATHS = (
					"$(inherited)",
					"@executable_path/Frameworks",
				);
				MARKETING_VERSION = 1.0;
				PRODUCT_BUNDLE_IDENTIFIER = "au.com.rajesh.war-card-game";
				PRODUCT_NAME = "$(TARGET_NAME)";
				SWIFT_EMIT_LOC_STRINGS = YES;
				SWIFT_VERSION = 5.0;
				TARGETED_DEVICE_FAMILY = "1,2";
			};
			name = Debug;
		};
		B058C8182D8F9A2500B7F3BB /* Release */ = {
			isa = XCBuildConfiguration;
			buildSettings = {
				ASSETCATALOG_COMPILER_APPICON_NAME = AppIcon;
				ASSETCATALOG_COMPILER_GLOBAL_ACCENT_COLOR_NAME = AccentColor;
				CODE_SIGN_STYLE = Automatic;
				CURRENT_PROJECT_VERSION = 1;
				DEVELOPMENT_ASSET_PATHS = "\"war card game/Preview Content\"";
				ENABLE_PREVIEWS = YES;
				GENERATE_INFOPLIST_FILE = YES;
				INFOPLIST_KEY_UIApplicationSceneManifest_Generation = YES;
				INFOPLIST_KEY_UIApplicationSupportsIndirectInputEvents = YES;
				INFOPLIST_KEY_UILaunchScreen_Generation = YES;
				INFOPLIST_KEY_UISupportedInterfaceOrientations_iPad = "UIInterfaceOrientationPortrait UIInterfaceOrientationPortraitUpsideDown UIInterfaceOrientationLandscapeLeft UIInterfaceOrientationLandscapeRight";
				INFOPLIST_KEY_UISupportedInterfaceOrientations_iPhone = "UIInterfaceOrientationPortrait UIInterfaceOrientationLandscapeLeft UIInterfaceOrientationLandscapeRight";
				LD_RUNPATH_SEARCH_PATHS = (
					"$(inherited)",
					"@executable_path/Frameworks",
				);
				MARKETING_VERSION = 1.0;
				PRODUCT_BUNDLE_IDENTIFIER = "au.com.rajesh.war-card-game";
				PRODUCT_NAME = "$(TARGET_NAME)";
				SWIFT_EMIT_LOC_STRINGS = YES;
				SWIFT_VERSION = 5.0;
				TARGETED_DEVICE_FAMILY = "1,2";
			};
			name = Release;
		};
		B058C81A2D8F9A2500B7F3BB /* Debug */ = {
			isa = XCBuildConfiguration;
			buildSettings = {
				BUNDLE_LOADER = "$(TEST_HOST)";
				CODE_SIGN_STYLE = Automatic;
				CURRENT_PROJECT_VERSION = 1;
				GENERATE_INFOPLIST_FILE = YES;
				IPHONEOS_DEPLOYMENT_TARGET = 18.2;
				MARKETING_VERSION = 1.0;
				PRODUCT_BUNDLE_IDENTIFIER = "au.com.rajesh.war-card-gameTests";
				PRODUCT_NAME = "$(TARGET_NAME)";
				SWIFT_EMIT_LOC_STRINGS = NO;
				SWIFT_VERSION = 5.0;
				TARGETED_DEVICE_FAMILY = "1,2";
				TEST_HOST = "$(BUILT_PRODUCTS_DIR)/war card game.app/$(BUNDLE_EXECUTABLE_FOLDER_PATH)/war card game";
			};
			name = Debug;
		};
		B058C81B2D8F9A2500B7F3BB /* Release */ = {
			isa = XCBuildConfiguration;
			buildSettings = {
				BUNDLE_LOADER = "$(TEST_HOST)";
				CODE_SIGN_STYLE = Automatic;
				CURRENT_PROJECT_VERSION = 1;
				GENERATE_INFOPLIST_FILE = YES;
				IPHONEOS_DEPLOYMENT_TARGET = 18.2;
				MARKETING_VERSION = 1.0;
				PRODUCT_BUNDLE_IDENTIFIER = "au.com.rajesh.war-card-gameTests";
				PRODUCT_NAME = "$(TARGET_NAME)";
				SWIFT_EMIT_LOC_STRINGS = NO;
				SWIFT_VERSION = 5.0;
				TARGETED_DEVICE_FAMILY = "1,2";
				TEST_HOST = "$(BUILT_PRODUCTS_DIR)/war card game.app/$(BUNDLE_EXECUTABLE_FOLDER_PATH)/war card game";
			};
			name = Release;
		};
		B058C81D2D8F9A2500B7F3BB /* Debug */ = {
			isa = XCBuildConfiguration;
			buildSettings = {
				CODE_SIGN_STYLE = Automatic;
				CURRENT_PROJECT_VERSION = 1;
				GENERATE_INFOPLIST_FILE = YES;
				MARKETING_VERSION = 1.0;
				PRODUCT_BUNDLE_IDENTIFIER = "au.com.rajesh.war-card-gameUITests";
				PRODUCT_NAME = "$(TARGET_NAME)";
				SWIFT_EMIT_LOC_STRINGS = NO;
				SWIFT_VERSION = 5.0;
				TARGETED_DEVICE_FAMILY = "1,2";
				TEST_TARGET_NAME = "war card game";
			};
			name = Debug;
		};
		B058C81E2D8F9A2500B7F3BB /* Release */ = {
			isa = XCBuildConfiguration;
			buildSettings = {
				CODE_SIGN_STYLE = Automatic;
				CURRENT_PROJECT_VERSION = 1;
				GENERATE_INFOPLIST_FILE = YES;
				MARKETING_VERSION = 1.0;
				PRODUCT_BUNDLE_IDENTIFIER = "au.com.rajesh.war-card-gameUITests";
				PRODUCT_NAME = "$(TARGET_NAME)";
				SWIFT_EMIT_LOC_STRINGS = NO;
				SWIFT_VERSION = 5.0;
				TARGETED_DEVICE_FAMILY = "1,2";
				TEST_TARGET_NAME = "war card game";
			};
			name = Release;
		};
/* End XCBuildConfiguration section */

/* Begin XCConfigurationList section */
		B058C7ED2D8F9A2100B7F3BB /* Build configuration list for PBXProject "war card game" */ = {
			isa = XCConfigurationList;
			buildConfigurations = (
				B058C8142D8F9A2500B7F3BB /* Debug */,
				B058C8152D8F9A2500B7F3BB /* Release */,
			);
			defaultConfigurationIsVisible = 0;
			defaultConfigurationName = Release;
		};
		B058C8162D8F9A2500B7F3BB /* Build configuration list for PBXNativeTarget "war card game" */ = {
			isa = XCConfigurationList;
			buildConfigurations = (
				B058C8172D8F9A2500B7F3BB /* Debug */,
				B058C8182D8F9A2500B7F3BB /* Release */,
			);
			defaultConfigurationIsVisible = 0;
			defaultConfigurationName = Release;
		};
		B058C8192D8F9A2500B7F3BB /* Build configuration list for PBXNativeTarget "war card gameTests" */ = {
			isa = XCConfigurationList;
			buildConfigurations = (
				B058C81A2D8F9A2500B7F3BB /* Debug */,
				B058C81B2D8F9A2500B7F3BB /* Release */,
			);
			defaultConfigurationIsVisible = 0;
			defaultConfigurationName = Release;
		};
		B058C81C2D8F9A2500B7F3BB /* Build configuration list for PBXNativeTarget "war card gameUITests" */ = {
			isa = XCConfigurationList;
			buildConfigurations = (
				B058C81D2D8F9A2500B7F3BB /* Debug */,
				B058C81E2D8F9A2500B7F3BB /* Release */,
			);
			defaultConfigurationIsVisible = 0;
			defaultConfigurationName = Release;
		};
/* End XCConfigurationList section */
	};
	rootObject = B058C7EA2D8F9A2100B7F3BB /* Project object */;
}
